
Microsoft Visual Studio Solution File, Format Version 12.00
# Visual Studio 15
VisualStudioVersion = 15.0.28307.645
MinimumVisualStudioVersion = 10.0.40219.1
Project("{FAE04EC0-301F-11D3-BF4B-00C04F79EFBC}") = "EmployeesManager", "EmployeesManager\EmployeesManager.csproj", "{D7314C15-83B0-4AEB-A88E-DDD3C91227C6}"
EndProject
Global
	GlobalSection(SolutionConfigurationPlatforms) = preSolution
		Debug|Any CPU = Debug|Any CPU
		Release|Any CPU = Release|Any CPU
	EndGlobalSection
	GlobalSection(ProjectConfigurationPlatforms) = postSolution
		{D7314C15-83B0-4AEB-A88E-DDD3C91227C6}.Debug|Any CPU.ActiveCfg = Debug|Any CPU
		{D7314C15-83B0-4AEB-A88E-DDD3C91227C6}.Debug|Any CPU.Build.0 = Debug|Any CPU
		{D7314C15-83B0-4AEB-A88E-DDD3C91227C6}.Release|Any CPU.ActiveCfg = Release|Any CPU
		{D7314C15-83B0-4AEB-A88E-DDD3C91227C6}.Release|Any CPU.Build.0 = Release|Any CPU
	EndGlobalSection
	GlobalSection(SolutionProperties) = preSolution
		HideSolutionNode = FALSE
	EndGlobalSection
	GlobalSection(ExtensibilityGlobals) = postSolution
		SolutionGuid = {FAA8EECD-DB7B-4EE3-93A4-834DEFABE782}
	EndGlobalSection
EndGlobal
